{
  "requires": true,
  "lockfileVersion": 1,
  "dependencies": {
    "scss": {
      "version": "0.2.4",
      "resolved": "https://registry.npm.taobao.org/scss/download/scss-0.2.4.tgz",
      "requires": {
        "ometa": "0.2.2"
      },
      "dependencies": {
        "ometa": {
          "version": "0.2.2",
          "resolved": "https://registry.npm.taobao.org/ometa/download/ometa-0.2.2.tgz"
        }
      }
    }
  }
}
